{
    "version": 3,
    "terraform_version": "0.11.7",
    "serial": 6,
    "lineage": "80dacbee-d84f-9f82-99ab-20b442425773",
    "modules": [
        {
            "path": [
                "root"
            ],
            "outputs": {},
            "resources": {},
            "depends_on": []
        },
        {
            "path": [
                "root",
                "AutoVPC"
            ],
            "outputs": {},
            "resources": {},
            "depends_on": []
        },
        {
            "path": [
                "root",
                "ManualVPC"
            ],
            "outputs": {
                "GWIPv4": {
                    "sensitive": false,
                    "type": "string",
                    "value": ""
                },
                "Name": {
                    "sensitive": false,
                    "type": "string",
                    "value": "vpctest01"
                },
                "URI": {
                    "sensitive": false,
                    "type": "string",
                    "value": "https://www.googleapis.com/compute/v1/projects/terraformgcptesting/global/networks/vpctest01"
                }
            },
            "resources": {
                "google_compute_network.TerraManualVPC": {
                    "type": "google_compute_network",
                    "depends_on": [],
                    "primary": {
                        "id": "vpctest01",
                        "attributes": {
                            "auto_create_subnetworks": "false",
                            "description": "Terraform Created Resource",
                            "gateway_ipv4": "",
                            "id": "vpctest01",
                            "ipv4_range": "",
                            "name": "vpctest01",
                            "project": "terraformgcptesting",
                            "routing_mode": "REGIONAL",
                            "self_link": "https://www.googleapis.com/compute/v1/projects/terraformgcptesting/global/networks/vpctest01"
                        },
                        "meta": {},
                        "tainted": false
                    },
                    "deposed": [],
                    "provider": "provider.google"
                }
            },
            "depends_on": []
        }
    ]
}
